
Microsoft Visual Studio Solution File, Format Version 12.00
# Visual Studio Version 16
VisualStudioVersion = 16.0.31112.23
MinimumVisualStudioVersion = 10.0.40219.1
Project("{2150E333-8FDC-42A3-9474-1A3956D46DE8}") = "backend", "backend", "{F332D047-B9A7-4B85-8359-9328589BED29}"
EndProject
Project("{2150E333-8FDC-42A3-9474-1A3956D46DE8}") = "test", "test", "{999D48DF-22BC-40B8-A8C4-A9B5760B77AC}"
EndProject
Project("{2150E333-8FDC-42A3-9474-1A3956D46DE8}") = "frontend", "frontend", "{C51C41D1-42C6-4690-9847-B372BAD06101}"
EndProject
Project("{9A19103F-16F7-4668-BE54-9A1E7A4F7556}") = "Klir.TechChallenge.Web.Front", "angular\Klir.TechChallenge.Web.Front.csproj", "{7C53E485-14DD-4017-A992-193A405530AB}"
EndProject
Project("{9A19103F-16F7-4668-BE54-9A1E7A4F7556}") = "Klir.TechChallenge.Web.Api", "aspnet-core\Klir.TechChallenge.Web.Api\Klir.TechChallenge.Web.Api.csproj", "{82716132-B9B0-4629-9D72-6D5E42F3EEDD}"
EndProject
Project("{9A19103F-16F7-4668-BE54-9A1E7A4F7556}") = "Klir.TechChallenge.Tests", "aspnet-core\Klir.TechChallenge.Tests\Klir.TechChallenge.Tests.csproj", "{2698738B-6626-4968-814F-6B22068ACAEF}"
EndProject
Project("{2150E333-8FDC-42A3-9474-1A3956D46DE8}") = "1-Domain", "1-Domain", "{2DA7CBC6-07F5-4AF6-B89F-D470830027BB}"
EndProject
Project("{9A19103F-16F7-4668-BE54-9A1E7A4F7556}") = "Klir.TechChallenge.Domain", "Klir.TechChallenge.Domain\Klir.TechChallenge.Domain.csproj", "{5E13C85C-75F6-4D02-ABEE-4D6AB88918E4}"
EndProject
Project("{2150E333-8FDC-42A3-9474-1A3956D46DE8}") = "2-Service", "2-Service", "{22699994-3AB7-42D3-9458-E9E370E38C0A}"
EndProject
Project("{2150E333-8FDC-42A3-9474-1A3956D46DE8}") = "3-Infra", "3-Infra", "{D4A15BF3-21C2-4985-A18F-58A5545764A3}"
EndProject
Project("{2150E333-8FDC-42A3-9474-1A3956D46DE8}") = "3.1-Data", "3.1-Data", "{98457160-BD1B-4E57-95C1-654760CB020C}"
EndProject
Project("{9A19103F-16F7-4668-BE54-9A1E7A4F7556}") = "Klir.TechChallenge.Service", "Klir.TechChallenge.Service\Klir.TechChallenge.Service.csproj", "{34AE1A0D-B58D-48DC-B630-E6C17DE3C59C}"
EndProject
Project("{9A19103F-16F7-4668-BE54-9A1E7A4F7556}") = "Klir.TechChallenge.Infra.Data", "Klir.TechChallenge.Infra.Data\Klir.TechChallenge.Infra.Data.csproj", "{1C51EE72-7A15-4086-9812-094BE27F7224}"
EndProject
Project("{FAE04EC0-301F-11D3-BF4B-00C04F79EFBC}") = "Klir.TechChallenge.Infra.CrossCutting", "Klir.TechChallenge.Infra.CrossCutting\Klir.TechChallenge.Infra.CrossCutting.csproj", "{E3C8F896-8C44-45BB-AB40-B7F9BBFA336A}"
EndProject
Project("{2150E333-8FDC-42A3-9474-1A3956D46DE8}") = "0-Application", "0-Application", "{D904F6F9-7CAB-4808-AEB8-7B0698B8E83B}"
EndProject
Project("{2150E333-8FDC-42A3-9474-1A3956D46DE8}") = "3.2-CrossCutting", "3.2-CrossCutting", "{4B8E60F4-9D91-4D8E-A2B1-364761E47590}"
EndProject
Global
	GlobalSection(SolutionConfigurationPlatforms) = preSolution
		Debug|Any CPU = Debug|Any CPU
		Release|Any CPU = Release|Any CPU
	EndGlobalSection
	GlobalSection(ProjectConfigurationPlatforms) = postSolution
		{7C53E485-14DD-4017-A992-193A405530AB}.Debug|Any CPU.ActiveCfg = Debug|Any CPU
		{7C53E485-14DD-4017-A992-193A405530AB}.Release|Any CPU.ActiveCfg = Release|Any CPU
		{7C53E485-14DD-4017-A992-193A405530AB}.Release|Any CPU.Build.0 = Release|Any CPU
		{82716132-B9B0-4629-9D72-6D5E42F3EEDD}.Debug|Any CPU.ActiveCfg = Debug|Any CPU
		{82716132-B9B0-4629-9D72-6D5E42F3EEDD}.Debug|Any CPU.Build.0 = Debug|Any CPU
		{82716132-B9B0-4629-9D72-6D5E42F3EEDD}.Release|Any CPU.ActiveCfg = Release|Any CPU
		{82716132-B9B0-4629-9D72-6D5E42F3EEDD}.Release|Any CPU.Build.0 = Release|Any CPU
		{2698738B-6626-4968-814F-6B22068ACAEF}.Debug|Any CPU.ActiveCfg = Debug|Any CPU
		{2698738B-6626-4968-814F-6B22068ACAEF}.Debug|Any CPU.Build.0 = Debug|Any CPU
		{2698738B-6626-4968-814F-6B22068ACAEF}.Release|Any CPU.ActiveCfg = Release|Any CPU
		{2698738B-6626-4968-814F-6B22068ACAEF}.Release|Any CPU.Build.0 = Release|Any CPU
		{5E13C85C-75F6-4D02-ABEE-4D6AB88918E4}.Debug|Any CPU.ActiveCfg = Debug|Any CPU
		{5E13C85C-75F6-4D02-ABEE-4D6AB88918E4}.Debug|Any CPU.Build.0 = Debug|Any CPU
		{5E13C85C-75F6-4D02-ABEE-4D6AB88918E4}.Release|Any CPU.ActiveCfg = Release|Any CPU
		{5E13C85C-75F6-4D02-ABEE-4D6AB88918E4}.Release|Any CPU.Build.0 = Release|Any CPU
		{34AE1A0D-B58D-48DC-B630-E6C17DE3C59C}.Debug|Any CPU.ActiveCfg = Debug|Any CPU
		{34AE1A0D-B58D-48DC-B630-E6C17DE3C59C}.Debug|Any CPU.Build.0 = Debug|Any CPU
		{34AE1A0D-B58D-48DC-B630-E6C17DE3C59C}.Release|Any CPU.ActiveCfg = Release|Any CPU
		{34AE1A0D-B58D-48DC-B630-E6C17DE3C59C}.Release|Any CPU.Build.0 = Release|Any CPU
		{1C51EE72-7A15-4086-9812-094BE27F7224}.Debug|Any CPU.ActiveCfg = Debug|Any CPU
		{1C51EE72-7A15-4086-9812-094BE27F7224}.Debug|Any CPU.Build.0 = Debug|Any CPU
		{1C51EE72-7A15-4086-9812-094BE27F7224}.Release|Any CPU.ActiveCfg = Release|Any CPU
		{1C51EE72-7A15-4086-9812-094BE27F7224}.Release|Any CPU.Build.0 = Release|Any CPU
		{E3C8F896-8C44-45BB-AB40-B7F9BBFA336A}.Debug|Any CPU.ActiveCfg = Debug|Any CPU
		{E3C8F896-8C44-45BB-AB40-B7F9BBFA336A}.Debug|Any CPU.Build.0 = Debug|Any CPU
		{E3C8F896-8C44-45BB-AB40-B7F9BBFA336A}.Release|Any CPU.ActiveCfg = Release|Any CPU
		{E3C8F896-8C44-45BB-AB40-B7F9BBFA336A}.Release|Any CPU.Build.0 = Release|Any CPU
	EndGlobalSection
	GlobalSection(SolutionProperties) = preSolution
		HideSolutionNode = FALSE
	EndGlobalSection
	GlobalSection(NestedProjects) = preSolution
		{7C53E485-14DD-4017-A992-193A405530AB} = {C51C41D1-42C6-4690-9847-B372BAD06101}
		{82716132-B9B0-4629-9D72-6D5E42F3EEDD} = {D904F6F9-7CAB-4808-AEB8-7B0698B8E83B}
		{2698738B-6626-4968-814F-6B22068ACAEF} = {999D48DF-22BC-40B8-A8C4-A9B5760B77AC}
		{2DA7CBC6-07F5-4AF6-B89F-D470830027BB} = {F332D047-B9A7-4B85-8359-9328589BED29}
		{5E13C85C-75F6-4D02-ABEE-4D6AB88918E4} = {2DA7CBC6-07F5-4AF6-B89F-D470830027BB}
		{22699994-3AB7-42D3-9458-E9E370E38C0A} = {F332D047-B9A7-4B85-8359-9328589BED29}
		{D4A15BF3-21C2-4985-A18F-58A5545764A3} = {F332D047-B9A7-4B85-8359-9328589BED29}
		{98457160-BD1B-4E57-95C1-654760CB020C} = {D4A15BF3-21C2-4985-A18F-58A5545764A3}
		{34AE1A0D-B58D-48DC-B630-E6C17DE3C59C} = {22699994-3AB7-42D3-9458-E9E370E38C0A}
		{1C51EE72-7A15-4086-9812-094BE27F7224} = {98457160-BD1B-4E57-95C1-654760CB020C}
		{E3C8F896-8C44-45BB-AB40-B7F9BBFA336A} = {4B8E60F4-9D91-4D8E-A2B1-364761E47590}
		{D904F6F9-7CAB-4808-AEB8-7B0698B8E83B} = {F332D047-B9A7-4B85-8359-9328589BED29}
		{4B8E60F4-9D91-4D8E-A2B1-364761E47590} = {D4A15BF3-21C2-4985-A18F-58A5545764A3}
	EndGlobalSection
	GlobalSection(ExtensibilityGlobals) = postSolution
		SolutionGuid = {B22C9792-C11E-4F83-91D8-5ACFDDC0FC5E}
	EndGlobalSection
EndGlobal
